// !$*UTF8*$!
{
	archiveVersion = 1;
	classes = {
	};
	objectVersion = 56;
	objects = {

/* Begin PBXBuildFile section */
		FD228B0E2BFE488A002C9075 /* Crypto_CoinGeckoApp.swift in Sources */ = {isa = PBXBuildFile; fileRef = FD228B0D2BFE488A002C9075 /* Crypto_CoinGeckoApp.swift */; };
		FD228B102BFE488A002C9075 /* ContentView.swift in Sources */ = {isa = PBXBuildFile; fileRef = FD228B0F2BFE488A002C9075 /* ContentView.swift */; };
		FD228B122BFE488C002C9075 /* Assets.xcassets in Resources */ = {isa = PBXBuildFile; fileRef = FD228B112BFE488C002C9075 /* Assets.xcassets */; };
		FD228B152BFE488C002C9075 /* Preview Assets.xcassets in Resources */ = {isa = PBXBuildFile; fileRef = FD228B142BFE488C002C9075 /* Preview Assets.xcassets */; };
		FD228B1D2BFE48CA002C9075 /* CoinService.swift in Sources */ = {isa = PBXBuildFile; fileRef = FD228B1C2BFE48CA002C9075 /* CoinService.swift */; };
		FD228B202BFE4B19002C9075 /* Coin.swift in Sources */ = {isa = PBXBuildFile; fileRef = FD228B1F2BFE4B19002C9075 /* Coin.swift */; };
		FD228B232BFE4C8F002C9075 /* CoinsViewModel.swift in Sources */ = {isa = PBXBuildFile; fileRef = FD228B222BFE4C8F002C9075 /* CoinsViewModel.swift */; };
		FD228B282BFE64BE002C9075 /* CoinAPIError.swift in Sources */ = {isa = PBXBuildFile; fileRef = FD228B272BFE64BE002C9075 /* CoinAPIError.swift */; };
		FD3CC0612C0B97E100D999CE /* SDWebImageSwiftUI in Frameworks */ = {isa = PBXBuildFile; productRef = FD3CC0602C0B97E100D999CE /* SDWebImageSwiftUI */; };
		FD3CC0642C0BAE2C00D999CE /* CoinDetailsView.swift in Sources */ = {isa = PBXBuildFile; fileRef = FD3CC0632C0BAE2C00D999CE /* CoinDetailsView.swift */; };
		FD3CC0662C0BB33E00D999CE /* CoinDetailsViewModel.swift in Sources */ = {isa = PBXBuildFile; fileRef = FD3CC0652C0BB33E00D999CE /* CoinDetailsViewModel.swift */; };
		FD3CC0682C0BB96900D999CE /* OnlineImage.swift in Sources */ = {isa = PBXBuildFile; fileRef = FD3CC0672C0BB96900D999CE /* OnlineImage.swift */; };
/* End PBXBuildFile section */

/* Begin PBXFileReference section */
		FD228B0A2BFE488A002C9075 /* Crypto-CoinGecko.app */ = {isa = PBXFileReference; explicitFileType = wrapper.application; includeInIndex = 0; path = "Crypto-CoinGecko.app"; sourceTree = BUILT_PRODUCTS_DIR; };
		FD228B0D2BFE488A002C9075 /* Crypto_CoinGeckoApp.swift */ = {isa = PBXFileReference; lastKnownFileType = sourcecode.swift; path = Crypto_CoinGeckoApp.swift; sourceTree = "<group>"; };
		FD228B0F2BFE488A002C9075 /* ContentView.swift */ = {isa = PBXFileReference; lastKnownFileType = sourcecode.swift; path = ContentView.swift; sourceTree = "<group>"; };
		FD228B112BFE488C002C9075 /* Assets.xcassets */ = {isa = PBXFileReference; lastKnownFileType = folder.assetcatalog; path = Assets.xcassets; sourceTree = "<group>"; };
		FD228B142BFE488C002C9075 /* Preview Assets.xcassets */ = {isa = PBXFileReference; lastKnownFileType = folder.assetcatalog; path = "Preview Assets.xcassets"; sourceTree = "<group>"; };
		FD228B1C2BFE48CA002C9075 /* CoinService.swift */ = {isa = PBXFileReference; lastKnownFileType = sourcecode.swift; path = CoinService.swift; sourceTree = "<group>"; };
		FD228B1F2BFE4B19002C9075 /* Coin.swift */ = {isa = PBXFileReference; lastKnownFileType = sourcecode.swift; path = Coin.swift; sourceTree = "<group>"; };
		FD228B222BFE4C8F002C9075 /* CoinsViewModel.swift */ = {isa = PBXFileReference; lastKnownFileType = sourcecode.swift; path = CoinsViewModel.swift; sourceTree = "<group>"; };
		FD228B272BFE64BE002C9075 /* CoinAPIError.swift */ = {isa = PBXFileReference; lastKnownFileType = sourcecode.swift; path = CoinAPIError.swift; sourceTree = "<group>"; };
		FD3CC0632C0BAE2C00D999CE /* CoinDetailsView.swift */ = {isa = PBXFileReference; lastKnownFileType = sourcecode.swift; path = CoinDetailsView.swift; sourceTree = "<group>"; };
		FD3CC0652C0BB33E00D999CE /* CoinDetailsViewModel.swift */ = {isa = PBXFileReference; lastKnownFileType = sourcecode.swift; path = CoinDetailsViewModel.swift; sourceTree = "<group>"; };
		FD3CC0672C0BB96900D999CE /* OnlineImage.swift */ = {isa = PBXFileReference; lastKnownFileType = sourcecode.swift; path = OnlineImage.swift; sourceTree = "<group>"; };
/* End PBXFileReference section */

/* Begin PBXFrameworksBuildPhase section */
		FD228B072BFE488A002C9075 /* Frameworks */ = {
			isa = PBXFrameworksBuildPhase;
			buildActionMask = 2147483647;
			files = (
				FD3CC0612C0B97E100D999CE /* SDWebImageSwiftUI in Frameworks */,
			);
			runOnlyForDeploymentPostprocessing = 0;
		};
/* End PBXFrameworksBuildPhase section */

/* Begin PBXGroup section */
		FD228B012BFE488A002C9075 = {
			isa = PBXGroup;
			children = (
				FD228B0C2BFE488A002C9075 /* Crypto-CoinGecko */,
				FD228B0B2BFE488A002C9075 /* Products */,
			);
			sourceTree = "<group>";
		};
		FD228B0B2BFE488A002C9075 /* Products */ = {
			isa = PBXGroup;
			children = (
				FD228B0A2BFE488A002C9075 /* Crypto-CoinGecko.app */,
			);
			name = Products;
			sourceTree = "<group>";
		};
		FD228B0C2BFE488A002C9075 /* Crypto-CoinGecko */ = {
			isa = PBXGroup;
			children = (
				FD3CC0622C0BAE1900D999CE /* View */,
				FD228B212BFE4C7C002C9075 /* ViewModel */,
				FD228B1E2BFE4B0E002C9075 /* Model */,
				FD228B1B2BFE489B002C9075 /* Service */,
				FD228B0D2BFE488A002C9075 /* Crypto_CoinGeckoApp.swift */,
				FD228B112BFE488C002C9075 /* Assets.xcassets */,
				FD228B132BFE488C002C9075 /* Preview Content */,
			);
			path = "Crypto-CoinGecko";
			sourceTree = "<group>";
		};
		FD228B132BFE488C002C9075 /* Preview Content */ = {
			isa = PBXGroup;
			children = (
				FD228B142BFE488C002C9075 /* Preview Assets.xcassets */,
			);
			path = "Preview Content";
			sourceTree = "<group>";
		};
		FD228B1B2BFE489B002C9075 /* Service */ = {
			isa = PBXGroup;
			children = (
				FD228B1C2BFE48CA002C9075 /* CoinService.swift */,
			);
			path = Service;
			sourceTree = "<group>";
		};
		FD228B1E2BFE4B0E002C9075 /* Model */ = {
			isa = PBXGroup;
			children = (
				FD228B1F2BFE4B19002C9075 /* Coin.swift */,
				FD228B272BFE64BE002C9075 /* CoinAPIError.swift */,
			);
			path = Model;
			sourceTree = "<group>";
		};
		FD228B212BFE4C7C002C9075 /* ViewModel */ = {
			isa = PBXGroup;
			children = (
				FD228B222BFE4C8F002C9075 /* CoinsViewModel.swift */,
				FD3CC0652C0BB33E00D999CE /* CoinDetailsViewModel.swift */,
			);
			path = ViewModel;
			sourceTree = "<group>";
		};
		FD3CC0622C0BAE1900D999CE /* View */ = {
			isa = PBXGroup;
			children = (
				FD228B0F2BFE488A002C9075 /* ContentView.swift */,
				FD3CC0632C0BAE2C00D999CE /* CoinDetailsView.swift */,
				FD3CC0672C0BB96900D999CE /* OnlineImage.swift */,
			);
			path = View;
			sourceTree = "<group>";
		};
/* End PBXGroup section */

/* Begin PBXNativeTarget section */
		FD228B092BFE488A002C9075 /* Crypto-CoinGecko */ = {
			isa = PBXNativeTarget;
			buildConfigurationList = FD228B182BFE488C002C9075 /* Build configuration list for PBXNativeTarget "Crypto-CoinGecko" */;
			buildPhases = (
				FD228B062BFE488A002C9075 /* Sources */,
				FD228B072BFE488A002C9075 /* Frameworks */,
				FD228B082BFE488A002C9075 /* Resources */,
			);
			buildRules = (
			);
			dependencies = (
			);
			name = "Crypto-CoinGecko";
			packageProductDependencies = (
				FD3CC0602C0B97E100D999CE /* SDWebImageSwiftUI */,
			);
			productName = "Crypto-CoinGecko";
			productReference = FD228B0A2BFE488A002C9075 /* Crypto-CoinGecko.app */;
			productType = "com.apple.product-type.application";
		};
/* End PBXNativeTarget section */

/* Begin PBXProject section */
		FD228B022BFE488A002C9075 /* Project object */ = {
			isa = PBXProject;
			attributes = {
				BuildIndependentTargetsInParallel = 1;
				LastSwiftUpdateCheck = 1530;
				LastUpgradeCheck = 1530;
				TargetAttributes = {
					FD228B092BFE488A002C9075 = {
						CreatedOnToolsVersion = 15.3;
					};
				};
			};
			buildConfigurationList = FD228B052BFE488A002C9075 /* Build configuration list for PBXProject "Crypto-CoinGecko" */;
			compatibilityVersion = "Xcode 14.0";
			developmentRegion = en;
			hasScannedForEncodings = 0;
			knownRegions = (
				en,
				Base,
			);
			mainGroup = FD228B012BFE488A002C9075;
			packageReferences = (
				FD3CC05F2C0B97E100D999CE /* XCRemoteSwiftPackageReference "SDWebImageSwiftUI" */,
			);
			productRefGroup = FD228B0B2BFE488A002C9075 /* Products */;
			projectDirPath = "";
			projectRoot = "";
			targets = (
				FD228B092BFE488A002C9075 /* Crypto-CoinGecko */,
			);
		};
/* End PBXProject section */

/* Begin PBXResourcesBuildPhase section */
		FD228B082BFE488A002C9075 /* Resources */ = {
			isa = PBXResourcesBuildPhase;
			buildActionMask = 2147483647;
			files = (
				FD228B152BFE488C002C9075 /* Preview Assets.xcassets in Resources */,
				FD228B122BFE488C002C9075 /* Assets.xcassets in Resources */,
			);
			runOnlyForDeploymentPostprocessing = 0;
		};
/* End PBXResourcesBuildPhase section */

/* Begin PBXSourcesBuildPhase section */
		FD228B062BFE488A002C9075 /* Sources */ = {
			isa = PBXSourcesBuildPhase;
			buildActionMask = 2147483647;
			files = (
				FD3CC0662C0BB33E00D999CE /* CoinDetailsViewModel.swift in Sources */,
				FD3CC0642C0BAE2C00D999CE /* CoinDetailsView.swift in Sources */,
				FD228B282BFE64BE002C9075 /* CoinAPIError.swift in Sources */,
				FD228B102BFE488A002C9075 /* ContentView.swift in Sources */,
				FD228B1D2BFE48CA002C9075 /* CoinService.swift in Sources */,
				FD228B202BFE4B19002C9075 /* Coin.swift in Sources */,
				FD228B232BFE4C8F002C9075 /* CoinsViewModel.swift in Sources */,
				FD3CC0682C0BB96900D999CE /* OnlineImage.swift in Sources */,
				FD228B0E2BFE488A002C9075 /* Crypto_CoinGeckoApp.swift in Sources */,
			);
			runOnlyForDeploymentPostprocessing = 0;
		};
/* End PBXSourcesBuildPhase section */

/* Begin XCBuildConfiguration section */
		FD228B162BFE488C002C9075 /* Debug */ = {
			isa = XCBuildConfiguration;
			buildSettings = {
				ALWAYS_SEARCH_USER_PATHS = NO;
				ASSETCATALOG_COMPILER_GENERATE_SWIFT_ASSET_SYMBOL_EXTENSIONS = YES;
				CLANG_ANALYZER_NONNULL = YES;
				CLANG_ANALYZER_NUMBER_OBJECT_CONVERSION = YES_AGGRESSIVE;
				CLANG_CXX_LANGUAGE_STANDARD = "gnu++20";
				CLANG_ENABLE_MODULES = YES;
				CLANG_ENABLE_OBJC_ARC = YES;
				CLANG_ENABLE_OBJC_WEAK = YES;
				CLANG_WARN_BLOCK_CAPTURE_AUTORELEASING = YES;
				CLANG_WARN_BOOL_CONVERSION = YES;
				CLANG_WARN_COMMA = YES;
				CLANG_WARN_CONSTANT_CONVERSION = YES;
				CLANG_WARN_DEPRECATED_OBJC_IMPLEMENTATIONS = YES;
				CLANG_WARN_DIRECT_OBJC_ISA_USAGE = YES_ERROR;
				CLANG_WARN_DOCUMENTATION_COMMENTS = YES;
				CLANG_WARN_EMPTY_BODY = YES;
				CLANG_WARN_ENUM_CONVERSION = YES;
				CLANG_WARN_INFINITE_RECURSION = YES;
				CLANG_WARN_INT_CONVERSION = YES;
				CLANG_WARN_NON_LITERAL_NULL_CONVERSION = YES;
				CLANG_WARN_OBJC_IMPLICIT_RETAIN_SELF = YES;
				CLANG_WARN_OBJC_LITERAL_CONVERSION = YES;
				CLANG_WARN_OBJC_ROOT_CLASS = YES_ERROR;
				CLANG_WARN_QUOTED_INCLUDE_IN_FRAMEWORK_HEADER = YES;
				CLANG_WARN_RANGE_LOOP_ANALYSIS = YES;
				CLANG_WARN_STRICT_PROTOTYPES = YES;
				CLANG_WARN_SUSPICIOUS_MOVE = YES;
				CLANG_WARN_UNGUARDED_AVAILABILITY = YES_AGGRESSIVE;
				CLANG_WARN_UNREACHABLE_CODE = YES;
				CLANG_WARN__DUPLICATE_METHOD_MATCH = YES;
				COPY_PHASE_STRIP = NO;
				DEBUG_INFORMATION_FORMAT = dwarf;
				ENABLE_STRICT_OBJC_MSGSEND = YES;
				ENABLE_TESTABILITY = YES;
				ENABLE_USER_SCRIPT_SANDBOXING = YES;
				GCC_C_LANGUAGE_STANDARD = gnu17;
				GCC_DYNAMIC_NO_PIC = NO;
				GCC_NO_COMMON_BLOCKS = YES;
				GCC_OPTIMIZATION_LEVEL = 0;
				GCC_PREPROCESSOR_DEFINITIONS = (
					"DEBUG=1",
					"$(inherited)",
				);
				GCC_WARN_64_TO_32_BIT_CONVERSION = YES;
				GCC_WARN_ABOUT_RETURN_TYPE = YES_ERROR;
				GCC_WARN_UNDECLARED_SELECTOR = YES;
				GCC_WARN_UNINITIALIZED_AUTOS = YES_AGGRESSIVE;
				GCC_WARN_UNUSED_FUNCTION = YES;
				GCC_WARN_UNUSED_VARIABLE = YES;
				IPHONEOS_DEPLOYMENT_TARGET = 17.4;
				LOCALIZATION_PREFERS_STRING_CATALOGS = YES;
				MTL_ENABLE_DEBUG_INFO = INCLUDE_SOURCE;
				MTL_FAST_MATH = YES;
				ONLY_ACTIVE_ARCH = YES;
				SDKROOT = iphoneos;
				SWIFT_ACTIVE_COMPILATION_CONDITIONS = "DEBUG $(inherited)";
				SWIFT_OPTIMIZATION_LEVEL = "-Onone";
			};
			name = Debug;
		};
		FD228B172BFE488C002C9075 /* Release */ = {
			isa = XCBuildConfiguration;
			buildSettings = {
				ALWAYS_SEARCH_USER_PATHS = NO;
				ASSETCATALOG_COMPILER_GENERATE_SWIFT_ASSET_SYMBOL_EXTENSIONS = YES;
				CLANG_ANALYZER_NONNULL = YES;
				CLANG_ANALYZER_NUMBER_OBJECT_CONVERSION = YES_AGGRESSIVE;
				CLANG_CXX_LANGUAGE_STANDARD = "gnu++20";
				CLANG_ENABLE_MODULES = YES;
				CLANG_ENABLE_OBJC_ARC = YES;
				CLANG_ENABLE_OBJC_WEAK = YES;
				CLANG_WARN_BLOCK_CAPTURE_AUTORELEASING = YES;
				CLANG_WARN_BOOL_CONVERSION = YES;
				CLANG_WARN_COMMA = YES;
				CLANG_WARN_CONSTANT_CONVERSION = YES;
				CLANG_WARN_DEPRECATED_OBJC_IMPLEMENTATIONS = YES;
				CLANG_WARN_DIRECT_OBJC_ISA_USAGE = YES_ERROR;
				CLANG_WARN_DOCUMENTATION_COMMENTS = YES;
				CLANG_WARN_EMPTY_BODY = YES;
				CLANG_WARN_ENUM_CONVERSION = YES;
				CLANG_WARN_INFINITE_RECURSION = YES;
				CLANG_WARN_INT_CONVERSION = YES;
				CLANG_WARN_NON_LITERAL_NULL_CONVERSION = YES;
				CLANG_WARN_OBJC_IMPLICIT_RETAIN_SELF = YES;
				CLANG_WARN_OBJC_LITERAL_CONVERSION = YES;
				CLANG_WARN_OBJC_ROOT_CLASS = YES_ERROR;
				CLANG_WARN_QUOTED_INCLUDE_IN_FRAMEWORK_HEADER = YES;
				CLANG_WARN_RANGE_LOOP_ANALYSIS = YES;
				CLANG_WARN_STRICT_PROTOTYPES = YES;
				CLANG_WARN_SUSPICIOUS_MOVE = YES;
				CLANG_WARN_UNGUARDED_AVAILABILITY = YES_AGGRESSIVE;
				CLANG_WARN_UNREACHABLE_CODE = YES;
				CLANG_WARN__DUPLICATE_METHOD_MATCH = YES;
				COPY_PHASE_STRIP = NO;
				DEBUG_INFORMATION_FORMAT = "dwarf-with-dsym";
				ENABLE_NS_ASSERTIONS = NO;
				ENABLE_STRICT_OBJC_MSGSEND = YES;
				ENABLE_USER_SCRIPT_SANDBOXING = YES;
				GCC_C_LANGUAGE_STANDARD = gnu17;
				GCC_NO_COMMON_BLOCKS = YES;
				GCC_WARN_64_TO_32_BIT_CONVERSION = YES;
				GCC_WARN_ABOUT_RETURN_TYPE = YES_ERROR;
				GCC_WARN_UNDECLARED_SELECTOR = YES;
				GCC_WARN_UNINITIALIZED_AUTOS = YES_AGGRESSIVE;
				GCC_WARN_UNUSED_FUNCTION = YES;
				GCC_WARN_UNUSED_VARIABLE = YES;
				IPHONEOS_DEPLOYMENT_TARGET = 17.4;
				LOCALIZATION_PREFERS_STRING_CATALOGS = YES;
				MTL_ENABLE_DEBUG_INFO = NO;
				MTL_FAST_MATH = YES;
				SDKROOT = iphoneos;
				SWIFT_COMPILATION_MODE = wholemodule;
				VALIDATE_PRODUCT = YES;
			};
			name = Release;
		};
		FD228B192BFE488C002C9075 /* Debug */ = {
			isa = XCBuildConfiguration;
			buildSettings = {
				ASSETCATALOG_COMPILER_APPICON_NAME = AppIcon;
				ASSETCATALOG_COMPILER_GLOBAL_ACCENT_COLOR_NAME = AccentColor;
				CODE_SIGN_STYLE = Automatic;
				CURRENT_PROJECT_VERSION = 1;
				DEVELOPMENT_ASSET_PATHS = "\"Crypto-CoinGecko/Preview Content\"";
				DEVELOPMENT_TEAM = 7R94C6PV2M;
				ENABLE_PREVIEWS = YES;
				GENERATE_INFOPLIST_FILE = YES;
				INFOPLIST_KEY_UIApplicationSceneManifest_Generation = YES;
				INFOPLIST_KEY_UIApplicationSupportsIndirectInputEvents = YES;
				INFOPLIST_KEY_UILaunchScreen_Generation = YES;
				INFOPLIST_KEY_UISupportedInterfaceOrientations_iPad = "UIInterfaceOrientationPortrait UIInterfaceOrientationPortraitUpsideDown UIInterfaceOrientationLandscapeLeft UIInterfaceOrientationLandscapeRight";
				INFOPLIST_KEY_UISupportedInterfaceOrientations_iPhone = "UIInterfaceOrientationPortrait UIInterfaceOrientationLandscapeLeft UIInterfaceOrientationLandscapeRight";
				IPHONEOS_DEPLOYMENT_TARGET = 16.0;
				LD_RUNPATH_SEARCH_PATHS = (
					"$(inherited)",
					"@executable_path/Frameworks",
				);
				MARKETING_VERSION = 1.0;
				PRODUCT_BUNDLE_IDENTIFIER = "com.gourob.Crypto-CoinGecko";
				PRODUCT_NAME = "$(TARGET_NAME)";
				SWIFT_EMIT_LOC_STRINGS = YES;
				SWIFT_VERSION = 5.0;
				TARGETED_DEVICE_FAMILY = "1,2";
			};
			name = Debug;
		};
		FD228B1A2BFE488C002C9075 /* Release */ = {
			isa = XCBuildConfiguration;
			buildSettings = {
				ASSETCATALOG_COMPILER_APPICON_NAME = AppIcon;
				ASSETCATALOG_COMPILER_GLOBAL_ACCENT_COLOR_NAME = AccentColor;
				CODE_SIGN_STYLE = Automatic;
				CURRENT_PROJECT_VERSION = 1;
				DEVELOPMENT_ASSET_PATHS = "\"Crypto-CoinGecko/Preview Content\"";
				DEVELOPMENT_TEAM = 7R94C6PV2M;
				ENABLE_PREVIEWS = YES;
				GENERATE_INFOPLIST_FILE = YES;
				INFOPLIST_KEY_UIApplicationSceneManifest_Generation = YES;
				INFOPLIST_KEY_UIApplicationSupportsIndirectInputEvents = YES;
				INFOPLIST_KEY_UILaunchScreen_Generation = YES;
				INFOPLIST_KEY_UISupportedInterfaceOrientations_iPad = "UIInterfaceOrientationPortrait UIInterfaceOrientationPortraitUpsideDown UIInterfaceOrientationLandscapeLeft UIInterfaceOrientationLandscapeRight";
				INFOPLIST_KEY_UISupportedInterfaceOrientations_iPhone = "UIInterfaceOrientationPortrait UIInterfaceOrientationLandscapeLeft UIInterfaceOrientationLandscapeRight";
				IPHONEOS_DEPLOYMENT_TARGET = 16.0;
				LD_RUNPATH_SEARCH_PATHS = (
					"$(inherited)",
					"@executable_path/Frameworks",
				);
				MARKETING_VERSION = 1.0;
				PRODUCT_BUNDLE_IDENTIFIER = "com.gourob.Crypto-CoinGecko";
				PRODUCT_NAME = "$(TARGET_NAME)";
				SWIFT_EMIT_LOC_STRINGS = YES;
				SWIFT_VERSION = 5.0;
				TARGETED_DEVICE_FAMILY = "1,2";
			};
			name = Release;
		};
/* End XCBuildConfiguration section */

/* Begin XCConfigurationList section */
		FD228B052BFE488A002C9075 /* Build configuration list for PBXProject "Crypto-CoinGecko" */ = {
			isa = XCConfigurationList;
			buildConfigurations = (
				FD228B162BFE488C002C9075 /* Debug */,
				FD228B172BFE488C002C9075 /* Release */,
			);
			defaultConfigurationIsVisible = 0;
			defaultConfigurationName = Release;
		};
		FD228B182BFE488C002C9075 /* Build configuration list for PBXNativeTarget "Crypto-CoinGecko" */ = {
			isa = XCConfigurationList;
			buildConfigurations = (
				FD228B192BFE488C002C9075 /* Debug */,
				FD228B1A2BFE488C002C9075 /* Release */,
			);
			defaultConfigurationIsVisible = 0;
			defaultConfigurationName = Release;
		};
/* End XCConfigurationList section */

/* Begin XCRemoteSwiftPackageReference section */
		FD3CC05F2C0B97E100D999CE /* XCRemoteSwiftPackageReference "SDWebImageSwiftUI" */ = {
			isa = XCRemoteSwiftPackageReference;
			repositoryURL = "https://github.com/SDWebImage/SDWebImageSwiftUI";
			requirement = {
				kind = upToNextMajorVersion;
				minimumVersion = 3.0.4;
			};
		};
/* End XCRemoteSwiftPackageReference section */

/* Begin XCSwiftPackageProductDependency section */
		FD3CC0602C0B97E100D999CE /* SDWebImageSwiftUI */ = {
			isa = XCSwiftPackageProductDependency;
			package = FD3CC05F2C0B97E100D999CE /* XCRemoteSwiftPackageReference "SDWebImageSwiftUI" */;
			productName = SDWebImageSwiftUI;
		};
/* End XCSwiftPackageProductDependency section */
	};
	rootObject = FD228B022BFE488A002C9075 /* Project object */;
}
